
Microsoft Visual Studio Solution File, Format Version 12.00
# Visual Studio Version 16
VisualStudioVersion = 16.0.30128.74
MinimumVisualStudioVersion = 10.0.40219.1
Project("{FAE04EC0-301F-11D3-BF4B-00C04F79EFBC}") = "CalculateForTest", "CalculateForTest\CalculateForTest.csproj", "{7B960235-AB2C-4BD2-B57D-234151BC752B}"
EndProject
Global
	GlobalSection(SolutionConfigurationPlatforms) = preSolution
		Debug|Any CPU = Debug|Any CPU
		Release|Any CPU = Release|Any CPU
	EndGlobalSection
	GlobalSection(ProjectConfigurationPlatforms) = postSolution
		{7B960235-AB2C-4BD2-B57D-234151BC752B}.Debug|Any CPU.ActiveCfg = Debug|Any CPU
		{7B960235-AB2C-4BD2-B57D-234151BC752B}.Debug|Any CPU.Build.0 = Debug|Any CPU
		{7B960235-AB2C-4BD2-B57D-234151BC752B}.Release|Any CPU.ActiveCfg = Release|Any CPU
		{7B960235-AB2C-4BD2-B57D-234151BC752B}.Release|Any CPU.Build.0 = Release|Any CPU
	EndGlobalSection
	GlobalSection(SolutionProperties) = preSolution
		HideSolutionNode = FALSE
	EndGlobalSection
	GlobalSection(ExtensibilityGlobals) = postSolution
		SolutionGuid = {29259AEA-DFA2-437E-BC19-E0153148E5F5}
	EndGlobalSection
EndGlobal
