
Microsoft Visual Studio Solution File, Format Version 12.00
# Visual Studio Version 16
VisualStudioVersion = 16.0.29306.81
MinimumVisualStudioVersion = 10.0.40219.1
Project("{FAE04EC0-301F-11D3-BF4B-00C04F79EFBC}") = "USA", "USA\USA.csproj", "{78709B41-5AA1-417A-B47F-FC4B98584003}"
EndProject
Global
	GlobalSection(SolutionConfigurationPlatforms) = preSolution
		Debug|Any CPU = Debug|Any CPU
		Release|Any CPU = Release|Any CPU
	EndGlobalSection
	GlobalSection(ProjectConfigurationPlatforms) = postSolution
		{78709B41-5AA1-417A-B47F-FC4B98584003}.Debug|Any CPU.ActiveCfg = Debug|Any CPU
		{78709B41-5AA1-417A-B47F-FC4B98584003}.Debug|Any CPU.Build.0 = Debug|Any CPU
		{78709B41-5AA1-417A-B47F-FC4B98584003}.Release|Any CPU.ActiveCfg = Release|Any CPU
		{78709B41-5AA1-417A-B47F-FC4B98584003}.Release|Any CPU.Build.0 = Release|Any CPU
	EndGlobalSection
	GlobalSection(SolutionProperties) = preSolution
		HideSolutionNode = FALSE
	EndGlobalSection
	GlobalSection(ExtensibilityGlobals) = postSolution
		SolutionGuid = {D64325AB-0387-41EC-BD1D-4121030090E6}
	EndGlobalSection
EndGlobal
